
Microsoft Visual Studio Solution File, Format Version 12.00
# Visual Studio Version 17
VisualStudioVersion = 17.10.35027.167
MinimumVisualStudioVersion = 10.0.40219.1
Project("{FAE04EC0-301F-11D3-BF4B-00C04F79EFBC}") = "WindowsFormsApp5", "WindowsFormsApp5.csproj", "{337BBADA-C46E-43B4-AE42-8A9FF9AB721B}"
EndProject
Global
	GlobalSection(SolutionConfigurationPlatforms) = preSolution
		Debug|Any CPU = Debug|Any CPU
		Release|Any CPU = Release|Any CPU
	EndGlobalSection
	GlobalSection(ProjectConfigurationPlatforms) = postSolution
		{337BBADA-C46E-43B4-AE42-8A9FF9AB721B}.Debug|Any CPU.ActiveCfg = Debug|Any CPU
		{337BBADA-C46E-43B4-AE42-8A9FF9AB721B}.Debug|Any CPU.Build.0 = Debug|Any CPU
		{337BBADA-C46E-43B4-AE42-8A9FF9AB721B}.Release|Any CPU.ActiveCfg = Release|Any CPU
		{337BBADA-C46E-43B4-AE42-8A9FF9AB721B}.Release|Any CPU.Build.0 = Release|Any CPU
	EndGlobalSection
	GlobalSection(SolutionProperties) = preSolution
		HideSolutionNode = FALSE
	EndGlobalSection
	GlobalSection(ExtensibilityGlobals) = postSolution
		SolutionGuid = {198955DC-CF7B-4FC9-BBA0-69867BF9167F}
	EndGlobalSection
EndGlobal
