
Microsoft Visual Studio Solution File, Format Version 12.00
# Visual Studio Version 17
VisualStudioVersion = 17.10.35122.118
MinimumVisualStudioVersion = 10.0.40219.1
Project("{FAE04EC0-301F-11D3-BF4B-00C04F79EFBC}") = "System_resturante", "System_resturante.csproj", "{7A31C141-D579-454F-B05D-8BB8C01A4677}"
EndProject
Global
	GlobalSection(SolutionConfigurationPlatforms) = preSolution
		Debug|Any CPU = Debug|Any CPU
		Release|Any CPU = Release|Any CPU
	EndGlobalSection
	GlobalSection(ProjectConfigurationPlatforms) = postSolution
		{7A31C141-D579-454F-B05D-8BB8C01A4677}.Debug|Any CPU.ActiveCfg = Debug|Any CPU
		{7A31C141-D579-454F-B05D-8BB8C01A4677}.Debug|Any CPU.Build.0 = Debug|Any CPU
		{7A31C141-D579-454F-B05D-8BB8C01A4677}.Release|Any CPU.ActiveCfg = Release|Any CPU
		{7A31C141-D579-454F-B05D-8BB8C01A4677}.Release|Any CPU.Build.0 = Release|Any CPU
	EndGlobalSection
	GlobalSection(SolutionProperties) = preSolution
		HideSolutionNode = FALSE
	EndGlobalSection
	GlobalSection(ExtensibilityGlobals) = postSolution
		SolutionGuid = {7DDC9813-347E-4695-BC19-528B394B47DF}
	EndGlobalSection
EndGlobal
