
Microsoft Visual Studio Solution File, Format Version 12.00
# Visual Studio Version 17
VisualStudioVersion = 17.10.35201.131
MinimumVisualStudioVersion = 10.0.40219.1
Project("{FAE04EC0-301F-11D3-BF4B-00C04F79EFBC}") = "num2", "num2.csproj", "{1F4A4B70-915C-45FB-AF2F-E762ACFF153C}"
EndProject
Global
	GlobalSection(SolutionConfigurationPlatforms) = preSolution
		Debug|Any CPU = Debug|Any CPU
		Release|Any CPU = Release|Any CPU
	EndGlobalSection
	GlobalSection(ProjectConfigurationPlatforms) = postSolution
		{1F4A4B70-915C-45FB-AF2F-E762ACFF153C}.Debug|Any CPU.ActiveCfg = Debug|Any CPU
		{1F4A4B70-915C-45FB-AF2F-E762ACFF153C}.Debug|Any CPU.Build.0 = Debug|Any CPU
		{1F4A4B70-915C-45FB-AF2F-E762ACFF153C}.Release|Any CPU.ActiveCfg = Release|Any CPU
		{1F4A4B70-915C-45FB-AF2F-E762ACFF153C}.Release|Any CPU.Build.0 = Release|Any CPU
	EndGlobalSection
	GlobalSection(SolutionProperties) = preSolution
		HideSolutionNode = FALSE
	EndGlobalSection
	GlobalSection(ExtensibilityGlobals) = postSolution
		SolutionGuid = {0A699801-5862-4E45-A933-825034F31ADD}
	EndGlobalSection
EndGlobal
