
Microsoft Visual Studio Solution File, Format Version 12.00
# Visual Studio Version 17
VisualStudioVersion = 17.10.35027.167
MinimumVisualStudioVersion = 10.0.40219.1
Project("{FAE04EC0-301F-11D3-BF4B-00C04F79EFBC}") = "12_group_box", "12_group_box.csproj", "{BE27A95A-7E96-497F-BAF2-956F8136BF59}"
EndProject
Global
	GlobalSection(SolutionConfigurationPlatforms) = preSolution
		Debug|Any CPU = Debug|Any CPU
		Release|Any CPU = Release|Any CPU
	EndGlobalSection
	GlobalSection(ProjectConfigurationPlatforms) = postSolution
		{BE27A95A-7E96-497F-BAF2-956F8136BF59}.Debug|Any CPU.ActiveCfg = Debug|Any CPU
		{BE27A95A-7E96-497F-BAF2-956F8136BF59}.Debug|Any CPU.Build.0 = Debug|Any CPU
		{BE27A95A-7E96-497F-BAF2-956F8136BF59}.Release|Any CPU.ActiveCfg = Release|Any CPU
		{BE27A95A-7E96-497F-BAF2-956F8136BF59}.Release|Any CPU.Build.0 = Release|Any CPU
	EndGlobalSection
	GlobalSection(SolutionProperties) = preSolution
		HideSolutionNode = FALSE
	EndGlobalSection
	GlobalSection(ExtensibilityGlobals) = postSolution
		SolutionGuid = {28652FE3-4FB9-48B4-A65E-E18FE1F5EDF8}
	EndGlobalSection
EndGlobal
